
Microsoft Visual Studio Solution File, Format Version 12.00
# Visual Studio Version 17
VisualStudioVersion = 17.5.33530.505
MinimumVisualStudioVersion = 10.0.40219.1
Project("{8BC9CEB8-8B4A-11D0-8D11-00A0C91BC942}") = "Cpp", "Cpp\Cpp.vcxproj", "{2F55E0F6-598D-4C10-BACB-E6B8DD55C2BE}"
EndProject
Project("{2150E333-8FDC-42A3-9474-1A3956D46DE8}") = "H1", "H1", "{5CBD879F-0ADD-4775-AC0E-C80072380C17}"
EndProject
Project("{8BC9CEB8-8B4A-11D0-8D11-00A0C91BC942}") = "H1.3-01 - comments in cpp", "H1.3-01 - comments in cpp\H1.3-01 - comments in cpp.vcxproj", "{330D3E17-A7D0-4549-AFB6-A16EE4970AE7}"
EndProject
Project("{2150E333-8FDC-42A3-9474-1A3956D46DE8}") = "Solution Items", "Solution Items", "{8D1AE6B5-31A0-4D2C-91C2-E1657C96AFC6}"
	ProjectSection(SolutionItems) = preProject
		CURSUS\DIRKSEN\DIRKSEN.CPP = CURSUS\DIRKSEN\DIRKSEN.CPP
		CURSUS\DIRKSEN\DIRKSEN.H = CURSUS\DIRKSEN\DIRKSEN.H
	EndProjectSection
EndProject
Project("{8BC9CEB8-8B4A-11D0-8D11-00A0C91BC942}") = "P01-F03A", "P01-F03A\P01-F03A.vcxproj", "{040009E5-C9F9-461D-ACB7-6B2FF7F6B15B}"
EndProject
Project("{8BC9CEB8-8B4A-11D0-8D11-00A0C91BC942}") = "P01-F03C", "P01-F03C\P01-F03C.vcxproj", "{F9D48DD8-CCDB-425C-B818-EEB7E041C00E}"
EndProject
Project("{8BC9CEB8-8B4A-11D0-8D11-00A0C91BC942}") = "DIRKSEN_TEST", "DIRKSEN_TEST\DIRKSEN_TEST.vcxproj", "{818855CE-6E89-40BD-805B-C09D20DDC77A}"
EndProject
Project("{8BC9CEB8-8B4A-11D0-8D11-00A0C91BC942}") = "P01-F04B", "P01-F04B\P01-F04B.vcxproj", "{53D83E75-1E6C-4CAA-88AF-CC836718CD1D}"
EndProject
Project("{8BC9CEB8-8B4A-11D0-8D11-00A0C91BC942}") = "P01-F05", "P01-F05\P01-F05.vcxproj", "{C31393C2-5627-48BA-9685-5D22106CD7F5}"
EndProject
Project("{8BC9CEB8-8B4A-11D0-8D11-00A0C91BC942}") = "P01-F06", "P-01-F06\P-01-F06.vcxproj", "{16A8D148-07E0-453E-914C-C78932C9F80B}"
EndProject
Project("{8BC9CEB8-8B4A-11D0-8D11-00A0C91BC942}") = "P01-F07", "P01-F07\P01-F07.vcxproj", "{95D36DE9-C7B1-4E7F-A67B-E0620CE0A997}"
EndProject
Project("{8BC9CEB8-8B4A-11D0-8D11-00A0C91BC942}") = "P01-F08", "P01-F08\P01-F08.vcxproj", "{44100C26-703B-42EC-A157-099149F1E55B}"
EndProject
Project("{8BC9CEB8-8B4A-11D0-8D11-00A0C91BC942}") = "P01-F09A", "P01-F09A\P01-F09A.vcxproj", "{DEF7C10F-04C2-48EC-8380-9693C69A1245}"
EndProject
Project("{8BC9CEB8-8B4A-11D0-8D11-00A0C91BC942}") = "P02-F03", "P02-F03\P02-F03.vcxproj", "{E2DDC858-A8BF-49AB-94C8-4B33E2FE8BE8}"
EndProject
Project("{2150E333-8FDC-42A3-9474-1A3956D46DE8}") = "H2", "H2", "{201800A0-6378-47D3-AE39-DC6F6CBDE3C1}"
EndProject
Project("{8BC9CEB8-8B4A-11D0-8D11-00A0C91BC942}") = "P02-F09B", "P02-F09B\P02-F09B.vcxproj", "{EBAAD55E-FBAD-4799-A2A7-EA354F64E9AB}"
EndProject
Project("{8BC9CEB8-8B4A-11D0-8D11-00A0C91BC942}") = "P01-F10", "P01-F10\P01-F10.vcxproj", "{8C9821EA-5140-4DA9-A380-D3AC8122F875}"
EndProject
Project("{8BC9CEB8-8B4A-11D0-8D11-00A0C91BC942}") = "P01-F09D", "P01-F09D\P01-F09D.vcxproj", "{6F503736-DEA6-4886-834B-2BD7BD88F1A6}"
EndProject
Project("{2150E333-8FDC-42A3-9474-1A3956D46DE8}") = "H3", "H3", "{6120684B-131D-4DF6-A287-FE6915648AA3}"
EndProject
Project("{8BC9CEB8-8B4A-11D0-8D11-00A0C91BC942}") = "P03-F01", "P03-F01\P03-F01.vcxproj", "{9CE33E71-107A-4D01-8005-4052E0FEFFAA}"
EndProject
Project("{8BC9CEB8-8B4A-11D0-8D11-00A0C91BC942}") = "P03-F02", "P03-F02\P03-F02.vcxproj", "{414DA7D9-5658-4107-B37E-12489B9DCFE8}"
EndProject
Project("{8BC9CEB8-8B4A-11D0-8D11-00A0C91BC942}") = "P03-F03", "P03-F03\P03-F03.vcxproj", "{EB4B0227-683E-4069-8638-92A5B36081AA}"
EndProject
Project("{8BC9CEB8-8B4A-11D0-8D11-00A0C91BC942}") = "P03-F04", "P03-F04\P03-F04.vcxproj", "{6B420E2A-98D7-4923-81E4-5F6EC55130B5}"
EndProject
Project("{8BC9CEB8-8B4A-11D0-8D11-00A0C91BC942}") = "P03-F05", "P03-F05\P03-F05.vcxproj", "{921FB3E2-7F2A-460D-BBE8-D11FA751E486}"
EndProject
Project("{8BC9CEB8-8B4A-11D0-8D11-00A0C91BC942}") = "P03-F07", "P03-F07\P03-F07.vcxproj", "{5542F3DB-BBC0-4A5C-8A8E-97FE082C5D3B}"
EndProject
Project("{8BC9CEB8-8B4A-11D0-8D11-00A0C91BC942}") = "P03-F09", "P03-F09\P03-F09.vcxproj", "{3C82D3AA-BA9A-4B8F-B860-A408D4B46230}"
EndProject
Project("{8BC9CEB8-8B4A-11D0-8D11-00A0C91BC942}") = "P03-F08A", "P03-F08A\P03-F08A.vcxproj", "{7D5922B7-6E9E-4E08-9CCC-490BDE926B95}"
EndProject
Project("{8BC9CEB8-8B4A-11D0-8D11-00A0C91BC942}") = "P03-F08B", "P03-F08B\P03-F08B.vcxproj", "{084995BF-F581-4B9C-AC76-81729870ABC5}"
EndProject
Project("{8BC9CEB8-8B4A-11D0-8D11-00A0C91BC942}") = "P03-F08C", "P03-F08C\P03-F08C.vcxproj", "{E7037677-4F0B-4352-BDB1-5578B1E10AE5}"
EndProject
Project("{2150E333-8FDC-42A3-9474-1A3956D46DE8}") = "H4", "H4", "{D33D8DF4-A587-4098-A6F7-FA66FEF77F62}"
EndProject
Project("{8BC9CEB8-8B4A-11D0-8D11-00A0C91BC942}") = "P04-F04A", "P04-F04A\P04-F04A.vcxproj", "{0DDBCF75-3D14-4FA5-B9F0-694C01F72C71}"
EndProject
Project("{8BC9CEB8-8B4A-11D0-8D11-00A0C91BC942}") = "P04-F04B", "P04-F04B\P04-F04B.vcxproj", "{D67C7349-8082-4519-98E7-5F4A8D329D6F}"
EndProject
Project("{8BC9CEB8-8B4A-11D0-8D11-00A0C91BC942}") = "P04-F05", "P04-F05\P04-F05.vcxproj", "{27920B11-A1DC-4898-B273-EFE540385A4C}"
EndProject
Project("{8BC9CEB8-8B4A-11D0-8D11-00A0C91BC942}") = "P04-F06", "P04-F06\P04-F06.vcxproj", "{AD3B24AE-613E-4F41-92DA-0B4B2FAB9A42}"
EndProject
Project("{8BC9CEB8-8B4A-11D0-8D11-00A0C91BC942}") = "P04-F08", "P04-F08\P04-F08.vcxproj", "{1D4F29D1-4667-4FEC-9DA1-8CEC80DA3B1B}"
EndProject
Project("{8BC9CEB8-8B4A-11D0-8D11-00A0C91BC942}") = "P04-F09B", "P04-F09B\P04-F09B.vcxproj", "{666E729C-E0CA-40B0-8F47-59FC1BF863B5}"
EndProject
Project("{8BC9CEB8-8B4A-11D0-8D11-00A0C91BC942}") = "P04-F10B", "P04-F10B\P04-F10B.vcxproj", "{DE7B0AF3-3E19-481B-ACA9-51F5D0EAC4E2}"
EndProject
Project("{2150E333-8FDC-42A3-9474-1A3956D46DE8}") = "H5", "H5", "{E8AD885F-B2AA-4F59-9435-4D77B2B7726E}"
EndProject
Project("{8BC9CEB8-8B4A-11D0-8D11-00A0C91BC942}") = "P05-F03A", "P05-F03A\P05-F03A.vcxproj", "{65D5EC30-552E-4DB7-9FC4-632004ADD631}"
EndProject
Project("{8BC9CEB8-8B4A-11D0-8D11-00A0C91BC942}") = "P05-F03B", "P05-F03B\P05-F03B.vcxproj", "{7CCE4EAB-0689-4269-9D55-07DDEF21D549}"
EndProject
Project("{8BC9CEB8-8B4A-11D0-8D11-00A0C91BC942}") = "P05-F04", "P05-F04\P05-F04.vcxproj", "{4181CDCE-A336-4B93-8A60-CF7372FB16FA}"
EndProject
Project("{8BC9CEB8-8B4A-11D0-8D11-00A0C91BC942}") = "P05-F07", "P05-F07\P05-F07.vcxproj", "{5104900F-3BD6-4CF6-BC93-C85F2D063639}"
EndProject
Project("{8BC9CEB8-8B4A-11D0-8D11-00A0C91BC942}") = "P05-F08", "P05-F08\P05-F08.vcxproj", "{36795988-A749-4AA9-9D2A-B0FF4888E29C}"
EndProject
Project("{8BC9CEB8-8B4A-11D0-8D11-00A0C91BC942}") = "P05-F09", "P05-F09\P05-F09.vcxproj", "{3165C785-426B-4E8A-9C49-803AD784EABB}"
EndProject
Global
	GlobalSection(SolutionConfigurationPlatforms) = preSolution
		Debug|x64 = Debug|x64
		Debug|x86 = Debug|x86
		Release|x64 = Release|x64
		Release|x86 = Release|x86
	EndGlobalSection
	GlobalSection(ProjectConfigurationPlatforms) = postSolution
		{2F55E0F6-598D-4C10-BACB-E6B8DD55C2BE}.Debug|x64.ActiveCfg = Debug|x64
		{2F55E0F6-598D-4C10-BACB-E6B8DD55C2BE}.Debug|x64.Build.0 = Debug|x64
		{2F55E0F6-598D-4C10-BACB-E6B8DD55C2BE}.Debug|x86.ActiveCfg = Debug|Win32
		{2F55E0F6-598D-4C10-BACB-E6B8DD55C2BE}.Debug|x86.Build.0 = Debug|Win32
		{2F55E0F6-598D-4C10-BACB-E6B8DD55C2BE}.Release|x64.ActiveCfg = Release|x64
		{2F55E0F6-598D-4C10-BACB-E6B8DD55C2BE}.Release|x64.Build.0 = Release|x64
		{2F55E0F6-598D-4C10-BACB-E6B8DD55C2BE}.Release|x86.ActiveCfg = Release|Win32
		{2F55E0F6-598D-4C10-BACB-E6B8DD55C2BE}.Release|x86.Build.0 = Release|Win32
		{330D3E17-A7D0-4549-AFB6-A16EE4970AE7}.Debug|x64.ActiveCfg = Debug|x64
		{330D3E17-A7D0-4549-AFB6-A16EE4970AE7}.Debug|x64.Build.0 = Debug|x64
		{330D3E17-A7D0-4549-AFB6-A16EE4970AE7}.Debug|x86.ActiveCfg = Debug|Win32
		{330D3E17-A7D0-4549-AFB6-A16EE4970AE7}.Debug|x86.Build.0 = Debug|Win32
		{330D3E17-A7D0-4549-AFB6-A16EE4970AE7}.Release|x64.ActiveCfg = Release|x64
		{330D3E17-A7D0-4549-AFB6-A16EE4970AE7}.Release|x64.Build.0 = Release|x64
		{330D3E17-A7D0-4549-AFB6-A16EE4970AE7}.Release|x86.ActiveCfg = Release|Win32
		{330D3E17-A7D0-4549-AFB6-A16EE4970AE7}.Release|x86.Build.0 = Release|Win32
		{040009E5-C9F9-461D-ACB7-6B2FF7F6B15B}.Debug|x64.ActiveCfg = Debug|x64
		{040009E5-C9F9-461D-ACB7-6B2FF7F6B15B}.Debug|x64.Build.0 = Debug|x64
		{040009E5-C9F9-461D-ACB7-6B2FF7F6B15B}.Debug|x86.ActiveCfg = Debug|Win32
		{040009E5-C9F9-461D-ACB7-6B2FF7F6B15B}.Debug|x86.Build.0 = Debug|Win32
		{040009E5-C9F9-461D-ACB7-6B2FF7F6B15B}.Release|x64.ActiveCfg = Release|x64
		{040009E5-C9F9-461D-ACB7-6B2FF7F6B15B}.Release|x64.Build.0 = Release|x64
		{040009E5-C9F9-461D-ACB7-6B2FF7F6B15B}.Release|x86.ActiveCfg = Release|Win32
		{040009E5-C9F9-461D-ACB7-6B2FF7F6B15B}.Release|x86.Build.0 = Release|Win32
		{F9D48DD8-CCDB-425C-B818-EEB7E041C00E}.Debug|x64.ActiveCfg = Debug|x64
		{F9D48DD8-CCDB-425C-B818-EEB7E041C00E}.Debug|x64.Build.0 = Debug|x64
		{F9D48DD8-CCDB-425C-B818-EEB7E041C00E}.Debug|x86.ActiveCfg = Debug|Win32
		{F9D48DD8-CCDB-425C-B818-EEB7E041C00E}.Debug|x86.Build.0 = Debug|Win32
		{F9D48DD8-CCDB-425C-B818-EEB7E041C00E}.Release|x64.ActiveCfg = Release|x64
		{F9D48DD8-CCDB-425C-B818-EEB7E041C00E}.Release|x64.Build.0 = Release|x64
		{F9D48DD8-CCDB-425C-B818-EEB7E041C00E}.Release|x86.ActiveCfg = Release|Win32
		{F9D48DD8-CCDB-425C-B818-EEB7E041C00E}.Release|x86.Build.0 = Release|Win32
		{818855CE-6E89-40BD-805B-C09D20DDC77A}.Debug|x64.ActiveCfg = Debug|x64
		{818855CE-6E89-40BD-805B-C09D20DDC77A}.Debug|x64.Build.0 = Debug|x64
		{818855CE-6E89-40BD-805B-C09D20DDC77A}.Debug|x86.ActiveCfg = Debug|Win32
		{818855CE-6E89-40BD-805B-C09D20DDC77A}.Debug|x86.Build.0 = Debug|Win32
		{818855CE-6E89-40BD-805B-C09D20DDC77A}.Release|x64.ActiveCfg = Release|x64
		{818855CE-6E89-40BD-805B-C09D20DDC77A}.Release|x64.Build.0 = Release|x64
		{818855CE-6E89-40BD-805B-C09D20DDC77A}.Release|x86.ActiveCfg = Release|Win32
		{818855CE-6E89-40BD-805B-C09D20DDC77A}.Release|x86.Build.0 = Release|Win32
		{53D83E75-1E6C-4CAA-88AF-CC836718CD1D}.Debug|x64.ActiveCfg = Debug|x64
		{53D83E75-1E6C-4CAA-88AF-CC836718CD1D}.Debug|x64.Build.0 = Debug|x64
		{53D83E75-1E6C-4CAA-88AF-CC836718CD1D}.Debug|x86.ActiveCfg = Debug|Win32
		{53D83E75-1E6C-4CAA-88AF-CC836718CD1D}.Debug|x86.Build.0 = Debug|Win32
		{53D83E75-1E6C-4CAA-88AF-CC836718CD1D}.Release|x64.ActiveCfg = Release|x64
		{53D83E75-1E6C-4CAA-88AF-CC836718CD1D}.Release|x64.Build.0 = Release|x64
		{53D83E75-1E6C-4CAA-88AF-CC836718CD1D}.Release|x86.ActiveCfg = Release|Win32
		{53D83E75-1E6C-4CAA-88AF-CC836718CD1D}.Release|x86.Build.0 = Release|Win32
		{C31393C2-5627-48BA-9685-5D22106CD7F5}.Debug|x64.ActiveCfg = Debug|x64
		{C31393C2-5627-48BA-9685-5D22106CD7F5}.Debug|x64.Build.0 = Debug|x64
		{C31393C2-5627-48BA-9685-5D22106CD7F5}.Debug|x86.ActiveCfg = Debug|Win32
		{C31393C2-5627-48BA-9685-5D22106CD7F5}.Debug|x86.Build.0 = Debug|Win32
		{C31393C2-5627-48BA-9685-5D22106CD7F5}.Release|x64.ActiveCfg = Release|x64
		{C31393C2-5627-48BA-9685-5D22106CD7F5}.Release|x64.Build.0 = Release|x64
		{C31393C2-5627-48BA-9685-5D22106CD7F5}.Release|x86.ActiveCfg = Release|Win32
		{C31393C2-5627-48BA-9685-5D22106CD7F5}.Release|x86.Build.0 = Release|Win32
		{16A8D148-07E0-453E-914C-C78932C9F80B}.Debug|x64.ActiveCfg = Debug|x64
		{16A8D148-07E0-453E-914C-C78932C9F80B}.Debug|x64.Build.0 = Debug|x64
		{16A8D148-07E0-453E-914C-C78932C9F80B}.Debug|x86.ActiveCfg = Debug|Win32
		{16A8D148-07E0-453E-914C-C78932C9F80B}.Debug|x86.Build.0 = Debug|Win32
		{16A8D148-07E0-453E-914C-C78932C9F80B}.Release|x64.ActiveCfg = Release|x64
		{16A8D148-07E0-453E-914C-C78932C9F80B}.Release|x64.Build.0 = Release|x64
		{16A8D148-07E0-453E-914C-C78932C9F80B}.Release|x86.ActiveCfg = Release|Win32
		{16A8D148-07E0-453E-914C-C78932C9F80B}.Release|x86.Build.0 = Release|Win32
		{95D36DE9-C7B1-4E7F-A67B-E0620CE0A997}.Debug|x64.ActiveCfg = Debug|x64
		{95D36DE9-C7B1-4E7F-A67B-E0620CE0A997}.Debug|x64.Build.0 = Debug|x64
		{95D36DE9-C7B1-4E7F-A67B-E0620CE0A997}.Debug|x86.ActiveCfg = Debug|Win32
		{95D36DE9-C7B1-4E7F-A67B-E0620CE0A997}.Debug|x86.Build.0 = Debug|Win32
		{95D36DE9-C7B1-4E7F-A67B-E0620CE0A997}.Release|x64.ActiveCfg = Release|x64
		{95D36DE9-C7B1-4E7F-A67B-E0620CE0A997}.Release|x64.Build.0 = Release|x64
		{95D36DE9-C7B1-4E7F-A67B-E0620CE0A997}.Release|x86.ActiveCfg = Release|Win32
		{95D36DE9-C7B1-4E7F-A67B-E0620CE0A997}.Release|x86.Build.0 = Release|Win32
		{44100C26-703B-42EC-A157-099149F1E55B}.Debug|x64.ActiveCfg = Debug|x64
		{44100C26-703B-42EC-A157-099149F1E55B}.Debug|x64.Build.0 = Debug|x64
		{44100C26-703B-42EC-A157-099149F1E55B}.Debug|x86.ActiveCfg = Debug|Win32
		{44100C26-703B-42EC-A157-099149F1E55B}.Debug|x86.Build.0 = Debug|Win32
		{44100C26-703B-42EC-A157-099149F1E55B}.Release|x64.ActiveCfg = Release|x64
		{44100C26-703B-42EC-A157-099149F1E55B}.Release|x64.Build.0 = Release|x64
		{44100C26-703B-42EC-A157-099149F1E55B}.Release|x86.ActiveCfg = Release|Win32
		{44100C26-703B-42EC-A157-099149F1E55B}.Release|x86.Build.0 = Release|Win32
		{DEF7C10F-04C2-48EC-8380-9693C69A1245}.Debug|x64.ActiveCfg = Debug|x64
		{DEF7C10F-04C2-48EC-8380-9693C69A1245}.Debug|x64.Build.0 = Debug|x64
		{DEF7C10F-04C2-48EC-8380-9693C69A1245}.Debug|x86.ActiveCfg = Debug|Win32
		{DEF7C10F-04C2-48EC-8380-9693C69A1245}.Debug|x86.Build.0 = Debug|Win32
		{DEF7C10F-04C2-48EC-8380-9693C69A1245}.Release|x64.ActiveCfg = Release|x64
		{DEF7C10F-04C2-48EC-8380-9693C69A1245}.Release|x64.Build.0 = Release|x64
		{DEF7C10F-04C2-48EC-8380-9693C69A1245}.Release|x86.ActiveCfg = Release|Win32
		{DEF7C10F-04C2-48EC-8380-9693C69A1245}.Release|x86.Build.0 = Release|Win32
		{E2DDC858-A8BF-49AB-94C8-4B33E2FE8BE8}.Debug|x64.ActiveCfg = Debug|x64
		{E2DDC858-A8BF-49AB-94C8-4B33E2FE8BE8}.Debug|x64.Build.0 = Debug|x64
		{E2DDC858-A8BF-49AB-94C8-4B33E2FE8BE8}.Debug|x86.ActiveCfg = Debug|Win32
		{E2DDC858-A8BF-49AB-94C8-4B33E2FE8BE8}.Debug|x86.Build.0 = Debug|Win32
		{E2DDC858-A8BF-49AB-94C8-4B33E2FE8BE8}.Release|x64.ActiveCfg = Release|x64
		{E2DDC858-A8BF-49AB-94C8-4B33E2FE8BE8}.Release|x64.Build.0 = Release|x64
		{E2DDC858-A8BF-49AB-94C8-4B33E2FE8BE8}.Release|x86.ActiveCfg = Release|Win32
		{E2DDC858-A8BF-49AB-94C8-4B33E2FE8BE8}.Release|x86.Build.0 = Release|Win32
		{EBAAD55E-FBAD-4799-A2A7-EA354F64E9AB}.Debug|x64.ActiveCfg = Debug|x64
		{EBAAD55E-FBAD-4799-A2A7-EA354F64E9AB}.Debug|x64.Build.0 = Debug|x64
		{EBAAD55E-FBAD-4799-A2A7-EA354F64E9AB}.Debug|x86.ActiveCfg = Debug|Win32
		{EBAAD55E-FBAD-4799-A2A7-EA354F64E9AB}.Debug|x86.Build.0 = Debug|Win32
		{EBAAD55E-FBAD-4799-A2A7-EA354F64E9AB}.Release|x64.ActiveCfg = Release|x64
		{EBAAD55E-FBAD-4799-A2A7-EA354F64E9AB}.Release|x64.Build.0 = Release|x64
		{EBAAD55E-FBAD-4799-A2A7-EA354F64E9AB}.Release|x86.ActiveCfg = Release|Win32
		{EBAAD55E-FBAD-4799-A2A7-EA354F64E9AB}.Release|x86.Build.0 = Release|Win32
		{8C9821EA-5140-4DA9-A380-D3AC8122F875}.Debug|x64.ActiveCfg = Debug|x64
		{8C9821EA-5140-4DA9-A380-D3AC8122F875}.Debug|x64.Build.0 = Debug|x64
		{8C9821EA-5140-4DA9-A380-D3AC8122F875}.Debug|x86.ActiveCfg = Debug|Win32
		{8C9821EA-5140-4DA9-A380-D3AC8122F875}.Debug|x86.Build.0 = Debug|Win32
		{8C9821EA-5140-4DA9-A380-D3AC8122F875}.Release|x64.ActiveCfg = Release|x64
		{8C9821EA-5140-4DA9-A380-D3AC8122F875}.Release|x64.Build.0 = Release|x64
		{8C9821EA-5140-4DA9-A380-D3AC8122F875}.Release|x86.ActiveCfg = Release|Win32
		{8C9821EA-5140-4DA9-A380-D3AC8122F875}.Release|x86.Build.0 = Release|Win32
		{6F503736-DEA6-4886-834B-2BD7BD88F1A6}.Debug|x64.ActiveCfg = Debug|x64
		{6F503736-DEA6-4886-834B-2BD7BD88F1A6}.Debug|x64.Build.0 = Debug|x64
		{6F503736-DEA6-4886-834B-2BD7BD88F1A6}.Debug|x86.ActiveCfg = Debug|Win32
		{6F503736-DEA6-4886-834B-2BD7BD88F1A6}.Debug|x86.Build.0 = Debug|Win32
		{6F503736-DEA6-4886-834B-2BD7BD88F1A6}.Release|x64.ActiveCfg = Release|x64
		{6F503736-DEA6-4886-834B-2BD7BD88F1A6}.Release|x64.Build.0 = Release|x64
		{6F503736-DEA6-4886-834B-2BD7BD88F1A6}.Release|x86.ActiveCfg = Release|Win32
		{6F503736-DEA6-4886-834B-2BD7BD88F1A6}.Release|x86.Build.0 = Release|Win32
		{9CE33E71-107A-4D01-8005-4052E0FEFFAA}.Debug|x64.ActiveCfg = Debug|x64
		{9CE33E71-107A-4D01-8005-4052E0FEFFAA}.Debug|x64.Build.0 = Debug|x64
		{9CE33E71-107A-4D01-8005-4052E0FEFFAA}.Debug|x86.ActiveCfg = Debug|Win32
		{9CE33E71-107A-4D01-8005-4052E0FEFFAA}.Debug|x86.Build.0 = Debug|Win32
		{9CE33E71-107A-4D01-8005-4052E0FEFFAA}.Release|x64.ActiveCfg = Release|x64
		{9CE33E71-107A-4D01-8005-4052E0FEFFAA}.Release|x64.Build.0 = Release|x64
		{9CE33E71-107A-4D01-8005-4052E0FEFFAA}.Release|x86.ActiveCfg = Release|Win32
		{9CE33E71-107A-4D01-8005-4052E0FEFFAA}.Release|x86.Build.0 = Release|Win32
		{414DA7D9-5658-4107-B37E-12489B9DCFE8}.Debug|x64.ActiveCfg = Debug|x64
		{414DA7D9-5658-4107-B37E-12489B9DCFE8}.Debug|x64.Build.0 = Debug|x64
		{414DA7D9-5658-4107-B37E-12489B9DCFE8}.Debug|x86.ActiveCfg = Debug|Win32
		{414DA7D9-5658-4107-B37E-12489B9DCFE8}.Debug|x86.Build.0 = Debug|Win32
		{414DA7D9-5658-4107-B37E-12489B9DCFE8}.Release|x64.ActiveCfg = Release|x64
		{414DA7D9-5658-4107-B37E-12489B9DCFE8}.Release|x64.Build.0 = Release|x64
		{414DA7D9-5658-4107-B37E-12489B9DCFE8}.Release|x86.ActiveCfg = Release|Win32
		{414DA7D9-5658-4107-B37E-12489B9DCFE8}.Release|x86.Build.0 = Release|Win32
		{EB4B0227-683E-4069-8638-92A5B36081AA}.Debug|x64.ActiveCfg = Debug|x64
		{EB4B0227-683E-4069-8638-92A5B36081AA}.Debug|x64.Build.0 = Debug|x64
		{EB4B0227-683E-4069-8638-92A5B36081AA}.Debug|x86.ActiveCfg = Debug|Win32
		{EB4B0227-683E-4069-8638-92A5B36081AA}.Debug|x86.Build.0 = Debug|Win32
		{EB4B0227-683E-4069-8638-92A5B36081AA}.Release|x64.ActiveCfg = Release|x64
		{EB4B0227-683E-4069-8638-92A5B36081AA}.Release|x64.Build.0 = Release|x64
		{EB4B0227-683E-4069-8638-92A5B36081AA}.Release|x86.ActiveCfg = Release|Win32
		{EB4B0227-683E-4069-8638-92A5B36081AA}.Release|x86.Build.0 = Release|Win32
		{6B420E2A-98D7-4923-81E4-5F6EC55130B5}.Debug|x64.ActiveCfg = Debug|x64
		{6B420E2A-98D7-4923-81E4-5F6EC55130B5}.Debug|x64.Build.0 = Debug|x64
		{6B420E2A-98D7-4923-81E4-5F6EC55130B5}.Debug|x86.ActiveCfg = Debug|Win32
		{6B420E2A-98D7-4923-81E4-5F6EC55130B5}.Debug|x86.Build.0 = Debug|Win32
		{6B420E2A-98D7-4923-81E4-5F6EC55130B5}.Release|x64.ActiveCfg = Release|x64
		{6B420E2A-98D7-4923-81E4-5F6EC55130B5}.Release|x64.Build.0 = Release|x64
		{6B420E2A-98D7-4923-81E4-5F6EC55130B5}.Release|x86.ActiveCfg = Release|Win32
		{6B420E2A-98D7-4923-81E4-5F6EC55130B5}.Release|x86.Build.0 = Release|Win32
		{921FB3E2-7F2A-460D-BBE8-D11FA751E486}.Debug|x64.ActiveCfg = Debug|x64
		{921FB3E2-7F2A-460D-BBE8-D11FA751E486}.Debug|x64.Build.0 = Debug|x64
		{921FB3E2-7F2A-460D-BBE8-D11FA751E486}.Debug|x86.ActiveCfg = Debug|Win32
		{921FB3E2-7F2A-460D-BBE8-D11FA751E486}.Debug|x86.Build.0 = Debug|Win32
		{921FB3E2-7F2A-460D-BBE8-D11FA751E486}.Release|x64.ActiveCfg = Release|x64
		{921FB3E2-7F2A-460D-BBE8-D11FA751E486}.Release|x64.Build.0 = Release|x64
		{921FB3E2-7F2A-460D-BBE8-D11FA751E486}.Release|x86.ActiveCfg = Release|Win32
		{921FB3E2-7F2A-460D-BBE8-D11FA751E486}.Release|x86.Build.0 = Release|Win32
		{5542F3DB-BBC0-4A5C-8A8E-97FE082C5D3B}.Debug|x64.ActiveCfg = Debug|x64
		{5542F3DB-BBC0-4A5C-8A8E-97FE082C5D3B}.Debug|x64.Build.0 = Debug|x64
		{5542F3DB-BBC0-4A5C-8A8E-97FE082C5D3B}.Debug|x86.ActiveCfg = Debug|Win32
		{5542F3DB-BBC0-4A5C-8A8E-97FE082C5D3B}.Debug|x86.Build.0 = Debug|Win32
		{5542F3DB-BBC0-4A5C-8A8E-97FE082C5D3B}.Release|x64.ActiveCfg = Release|x64
		{5542F3DB-BBC0-4A5C-8A8E-97FE082C5D3B}.Release|x64.Build.0 = Release|x64
		{5542F3DB-BBC0-4A5C-8A8E-97FE082C5D3B}.Release|x86.ActiveCfg = Release|Win32
		{5542F3DB-BBC0-4A5C-8A8E-97FE082C5D3B}.Release|x86.Build.0 = Release|Win32
		{3C82D3AA-BA9A-4B8F-B860-A408D4B46230}.Debug|x64.ActiveCfg = Debug|x64
		{3C82D3AA-BA9A-4B8F-B860-A408D4B46230}.Debug|x64.Build.0 = Debug|x64
		{3C82D3AA-BA9A-4B8F-B860-A408D4B46230}.Debug|x86.ActiveCfg = Debug|Win32
		{3C82D3AA-BA9A-4B8F-B860-A408D4B46230}.Debug|x86.Build.0 = Debug|Win32
		{3C82D3AA-BA9A-4B8F-B860-A408D4B46230}.Release|x64.ActiveCfg = Release|x64
		{3C82D3AA-BA9A-4B8F-B860-A408D4B46230}.Release|x64.Build.0 = Release|x64
		{3C82D3AA-BA9A-4B8F-B860-A408D4B46230}.Release|x86.ActiveCfg = Release|Win32
		{3C82D3AA-BA9A-4B8F-B860-A408D4B46230}.Release|x86.Build.0 = Release|Win32
		{7D5922B7-6E9E-4E08-9CCC-490BDE926B95}.Debug|x64.ActiveCfg = Debug|x64
		{7D5922B7-6E9E-4E08-9CCC-490BDE926B95}.Debug|x64.Build.0 = Debug|x64
		{7D5922B7-6E9E-4E08-9CCC-490BDE926B95}.Debug|x86.ActiveCfg = Debug|Win32
		{7D5922B7-6E9E-4E08-9CCC-490BDE926B95}.Debug|x86.Build.0 = Debug|Win32
		{7D5922B7-6E9E-4E08-9CCC-490BDE926B95}.Release|x64.ActiveCfg = Release|x64
		{7D5922B7-6E9E-4E08-9CCC-490BDE926B95}.Release|x64.Build.0 = Release|x64
		{7D5922B7-6E9E-4E08-9CCC-490BDE926B95}.Release|x86.ActiveCfg = Release|Win32
		{7D5922B7-6E9E-4E08-9CCC-490BDE926B95}.Release|x86.Build.0 = Release|Win32
		{084995BF-F581-4B9C-AC76-81729870ABC5}.Debug|x64.ActiveCfg = Debug|x64
		{084995BF-F581-4B9C-AC76-81729870ABC5}.Debug|x64.Build.0 = Debug|x64
		{084995BF-F581-4B9C-AC76-81729870ABC5}.Debug|x86.ActiveCfg = Debug|Win32
		{084995BF-F581-4B9C-AC76-81729870ABC5}.Debug|x86.Build.0 = Debug|Win32
		{084995BF-F581-4B9C-AC76-81729870ABC5}.Release|x64.ActiveCfg = Release|x64
		{084995BF-F581-4B9C-AC76-81729870ABC5}.Release|x64.Build.0 = Release|x64
		{084995BF-F581-4B9C-AC76-81729870ABC5}.Release|x86.ActiveCfg = Release|Win32
		{084995BF-F581-4B9C-AC76-81729870ABC5}.Release|x86.Build.0 = Release|Win32
		{E7037677-4F0B-4352-BDB1-5578B1E10AE5}.Debug|x64.ActiveCfg = Debug|x64
		{E7037677-4F0B-4352-BDB1-5578B1E10AE5}.Debug|x64.Build.0 = Debug|x64
		{E7037677-4F0B-4352-BDB1-5578B1E10AE5}.Debug|x86.ActiveCfg = Debug|Win32
		{E7037677-4F0B-4352-BDB1-5578B1E10AE5}.Debug|x86.Build.0 = Debug|Win32
		{E7037677-4F0B-4352-BDB1-5578B1E10AE5}.Release|x64.ActiveCfg = Release|x64
		{E7037677-4F0B-4352-BDB1-5578B1E10AE5}.Release|x64.Build.0 = Release|x64
		{E7037677-4F0B-4352-BDB1-5578B1E10AE5}.Release|x86.ActiveCfg = Release|Win32
		{E7037677-4F0B-4352-BDB1-5578B1E10AE5}.Release|x86.Build.0 = Release|Win32
		{0DDBCF75-3D14-4FA5-B9F0-694C01F72C71}.Debug|x64.ActiveCfg = Debug|x64
		{0DDBCF75-3D14-4FA5-B9F0-694C01F72C71}.Debug|x64.Build.0 = Debug|x64
		{0DDBCF75-3D14-4FA5-B9F0-694C01F72C71}.Debug|x86.ActiveCfg = Debug|Win32
		{0DDBCF75-3D14-4FA5-B9F0-694C01F72C71}.Debug|x86.Build.0 = Debug|Win32
		{0DDBCF75-3D14-4FA5-B9F0-694C01F72C71}.Release|x64.ActiveCfg = Release|x64
		{0DDBCF75-3D14-4FA5-B9F0-694C01F72C71}.Release|x64.Build.0 = Release|x64
		{0DDBCF75-3D14-4FA5-B9F0-694C01F72C71}.Release|x86.ActiveCfg = Release|Win32
		{0DDBCF75-3D14-4FA5-B9F0-694C01F72C71}.Release|x86.Build.0 = Release|Win32
		{D67C7349-8082-4519-98E7-5F4A8D329D6F}.Debug|x64.ActiveCfg = Debug|x64
		{D67C7349-8082-4519-98E7-5F4A8D329D6F}.Debug|x64.Build.0 = Debug|x64
		{D67C7349-8082-4519-98E7-5F4A8D329D6F}.Debug|x86.ActiveCfg = Debug|Win32
		{D67C7349-8082-4519-98E7-5F4A8D329D6F}.Debug|x86.Build.0 = Debug|Win32
		{D67C7349-8082-4519-98E7-5F4A8D329D6F}.Release|x64.ActiveCfg = Release|x64
		{D67C7349-8082-4519-98E7-5F4A8D329D6F}.Release|x64.Build.0 = Release|x64
		{D67C7349-8082-4519-98E7-5F4A8D329D6F}.Release|x86.ActiveCfg = Release|Win32
		{D67C7349-8082-4519-98E7-5F4A8D329D6F}.Release|x86.Build.0 = Release|Win32
		{27920B11-A1DC-4898-B273-EFE540385A4C}.Debug|x64.ActiveCfg = Debug|x64
		{27920B11-A1DC-4898-B273-EFE540385A4C}.Debug|x64.Build.0 = Debug|x64
		{27920B11-A1DC-4898-B273-EFE540385A4C}.Debug|x86.ActiveCfg = Debug|Win32
		{27920B11-A1DC-4898-B273-EFE540385A4C}.Debug|x86.Build.0 = Debug|Win32
		{27920B11-A1DC-4898-B273-EFE540385A4C}.Release|x64.ActiveCfg = Release|x64
		{27920B11-A1DC-4898-B273-EFE540385A4C}.Release|x64.Build.0 = Release|x64
		{27920B11-A1DC-4898-B273-EFE540385A4C}.Release|x86.ActiveCfg = Release|Win32
		{27920B11-A1DC-4898-B273-EFE540385A4C}.Release|x86.Build.0 = Release|Win32
		{AD3B24AE-613E-4F41-92DA-0B4B2FAB9A42}.Debug|x64.ActiveCfg = Debug|x64
		{AD3B24AE-613E-4F41-92DA-0B4B2FAB9A42}.Debug|x64.Build.0 = Debug|x64
		{AD3B24AE-613E-4F41-92DA-0B4B2FAB9A42}.Debug|x86.ActiveCfg = Debug|Win32
		{AD3B24AE-613E-4F41-92DA-0B4B2FAB9A42}.Debug|x86.Build.0 = Debug|Win32
		{AD3B24AE-613E-4F41-92DA-0B4B2FAB9A42}.Release|x64.ActiveCfg = Release|x64
		{AD3B24AE-613E-4F41-92DA-0B4B2FAB9A42}.Release|x64.Build.0 = Release|x64
		{AD3B24AE-613E-4F41-92DA-0B4B2FAB9A42}.Release|x86.ActiveCfg = Release|Win32
		{AD3B24AE-613E-4F41-92DA-0B4B2FAB9A42}.Release|x86.Build.0 = Release|Win32
		{1D4F29D1-4667-4FEC-9DA1-8CEC80DA3B1B}.Debug|x64.ActiveCfg = Debug|x64
		{1D4F29D1-4667-4FEC-9DA1-8CEC80DA3B1B}.Debug|x64.Build.0 = Debug|x64
		{1D4F29D1-4667-4FEC-9DA1-8CEC80DA3B1B}.Debug|x86.ActiveCfg = Debug|Win32
		{1D4F29D1-4667-4FEC-9DA1-8CEC80DA3B1B}.Debug|x86.Build.0 = Debug|Win32
		{1D4F29D1-4667-4FEC-9DA1-8CEC80DA3B1B}.Release|x64.ActiveCfg = Release|x64
		{1D4F29D1-4667-4FEC-9DA1-8CEC80DA3B1B}.Release|x64.Build.0 = Release|x64
		{1D4F29D1-4667-4FEC-9DA1-8CEC80DA3B1B}.Release|x86.ActiveCfg = Release|Win32
		{1D4F29D1-4667-4FEC-9DA1-8CEC80DA3B1B}.Release|x86.Build.0 = Release|Win32
		{666E729C-E0CA-40B0-8F47-59FC1BF863B5}.Debug|x64.ActiveCfg = Debug|x64
		{666E729C-E0CA-40B0-8F47-59FC1BF863B5}.Debug|x64.Build.0 = Debug|x64
		{666E729C-E0CA-40B0-8F47-59FC1BF863B5}.Debug|x86.ActiveCfg = Debug|Win32
		{666E729C-E0CA-40B0-8F47-59FC1BF863B5}.Debug|x86.Build.0 = Debug|Win32
		{666E729C-E0CA-40B0-8F47-59FC1BF863B5}.Release|x64.ActiveCfg = Release|x64
		{666E729C-E0CA-40B0-8F47-59FC1BF863B5}.Release|x64.Build.0 = Release|x64
		{666E729C-E0CA-40B0-8F47-59FC1BF863B5}.Release|x86.ActiveCfg = Release|Win32
		{666E729C-E0CA-40B0-8F47-59FC1BF863B5}.Release|x86.Build.0 = Release|Win32
		{DE7B0AF3-3E19-481B-ACA9-51F5D0EAC4E2}.Debug|x64.ActiveCfg = Debug|x64
		{DE7B0AF3-3E19-481B-ACA9-51F5D0EAC4E2}.Debug|x64.Build.0 = Debug|x64
		{DE7B0AF3-3E19-481B-ACA9-51F5D0EAC4E2}.Debug|x86.ActiveCfg = Debug|Win32
		{DE7B0AF3-3E19-481B-ACA9-51F5D0EAC4E2}.Debug|x86.Build.0 = Debug|Win32
		{DE7B0AF3-3E19-481B-ACA9-51F5D0EAC4E2}.Release|x64.ActiveCfg = Release|x64
		{DE7B0AF3-3E19-481B-ACA9-51F5D0EAC4E2}.Release|x64.Build.0 = Release|x64
		{DE7B0AF3-3E19-481B-ACA9-51F5D0EAC4E2}.Release|x86.ActiveCfg = Release|Win32
		{DE7B0AF3-3E19-481B-ACA9-51F5D0EAC4E2}.Release|x86.Build.0 = Release|Win32
		{65D5EC30-552E-4DB7-9FC4-632004ADD631}.Debug|x64.ActiveCfg = Debug|x64
		{65D5EC30-552E-4DB7-9FC4-632004ADD631}.Debug|x64.Build.0 = Debug|x64
		{65D5EC30-552E-4DB7-9FC4-632004ADD631}.Debug|x86.ActiveCfg = Debug|Win32
		{65D5EC30-552E-4DB7-9FC4-632004ADD631}.Debug|x86.Build.0 = Debug|Win32
		{65D5EC30-552E-4DB7-9FC4-632004ADD631}.Release|x64.ActiveCfg = Release|x64
		{65D5EC30-552E-4DB7-9FC4-632004ADD631}.Release|x64.Build.0 = Release|x64
		{65D5EC30-552E-4DB7-9FC4-632004ADD631}.Release|x86.ActiveCfg = Release|Win32
		{65D5EC30-552E-4DB7-9FC4-632004ADD631}.Release|x86.Build.0 = Release|Win32
		{7CCE4EAB-0689-4269-9D55-07DDEF21D549}.Debug|x64.ActiveCfg = Debug|x64
		{7CCE4EAB-0689-4269-9D55-07DDEF21D549}.Debug|x64.Build.0 = Debug|x64
		{7CCE4EAB-0689-4269-9D55-07DDEF21D549}.Debug|x86.ActiveCfg = Debug|Win32
		{7CCE4EAB-0689-4269-9D55-07DDEF21D549}.Debug|x86.Build.0 = Debug|Win32
		{7CCE4EAB-0689-4269-9D55-07DDEF21D549}.Release|x64.ActiveCfg = Release|x64
		{7CCE4EAB-0689-4269-9D55-07DDEF21D549}.Release|x64.Build.0 = Release|x64
		{7CCE4EAB-0689-4269-9D55-07DDEF21D549}.Release|x86.ActiveCfg = Release|Win32
		{7CCE4EAB-0689-4269-9D55-07DDEF21D549}.Release|x86.Build.0 = Release|Win32
		{4181CDCE-A336-4B93-8A60-CF7372FB16FA}.Debug|x64.ActiveCfg = Debug|x64
		{4181CDCE-A336-4B93-8A60-CF7372FB16FA}.Debug|x64.Build.0 = Debug|x64
		{4181CDCE-A336-4B93-8A60-CF7372FB16FA}.Debug|x86.ActiveCfg = Debug|Win32
		{4181CDCE-A336-4B93-8A60-CF7372FB16FA}.Debug|x86.Build.0 = Debug|Win32
		{4181CDCE-A336-4B93-8A60-CF7372FB16FA}.Release|x64.ActiveCfg = Release|x64
		{4181CDCE-A336-4B93-8A60-CF7372FB16FA}.Release|x64.Build.0 = Release|x64
		{4181CDCE-A336-4B93-8A60-CF7372FB16FA}.Release|x86.ActiveCfg = Release|Win32
		{4181CDCE-A336-4B93-8A60-CF7372FB16FA}.Release|x86.Build.0 = Release|Win32
		{5104900F-3BD6-4CF6-BC93-C85F2D063639}.Debug|x64.ActiveCfg = Debug|x64
		{5104900F-3BD6-4CF6-BC93-C85F2D063639}.Debug|x64.Build.0 = Debug|x64
		{5104900F-3BD6-4CF6-BC93-C85F2D063639}.Debug|x86.ActiveCfg = Debug|Win32
		{5104900F-3BD6-4CF6-BC93-C85F2D063639}.Debug|x86.Build.0 = Debug|Win32
		{5104900F-3BD6-4CF6-BC93-C85F2D063639}.Release|x64.ActiveCfg = Release|x64
		{5104900F-3BD6-4CF6-BC93-C85F2D063639}.Release|x64.Build.0 = Release|x64
		{5104900F-3BD6-4CF6-BC93-C85F2D063639}.Release|x86.ActiveCfg = Release|Win32
		{5104900F-3BD6-4CF6-BC93-C85F2D063639}.Release|x86.Build.0 = Release|Win32
		{36795988-A749-4AA9-9D2A-B0FF4888E29C}.Debug|x64.ActiveCfg = Debug|x64
		{36795988-A749-4AA9-9D2A-B0FF4888E29C}.Debug|x64.Build.0 = Debug|x64
		{36795988-A749-4AA9-9D2A-B0FF4888E29C}.Debug|x86.ActiveCfg = Debug|Win32
		{36795988-A749-4AA9-9D2A-B0FF4888E29C}.Debug|x86.Build.0 = Debug|Win32
		{36795988-A749-4AA9-9D2A-B0FF4888E29C}.Release|x64.ActiveCfg = Release|x64
		{36795988-A749-4AA9-9D2A-B0FF4888E29C}.Release|x64.Build.0 = Release|x64
		{36795988-A749-4AA9-9D2A-B0FF4888E29C}.Release|x86.ActiveCfg = Release|Win32
		{36795988-A749-4AA9-9D2A-B0FF4888E29C}.Release|x86.Build.0 = Release|Win32
		{3165C785-426B-4E8A-9C49-803AD784EABB}.Debug|x64.ActiveCfg = Debug|x64
		{3165C785-426B-4E8A-9C49-803AD784EABB}.Debug|x64.Build.0 = Debug|x64
		{3165C785-426B-4E8A-9C49-803AD784EABB}.Debug|x86.ActiveCfg = Debug|Win32
		{3165C785-426B-4E8A-9C49-803AD784EABB}.Debug|x86.Build.0 = Debug|Win32
		{3165C785-426B-4E8A-9C49-803AD784EABB}.Release|x64.ActiveCfg = Release|x64
		{3165C785-426B-4E8A-9C49-803AD784EABB}.Release|x64.Build.0 = Release|x64
		{3165C785-426B-4E8A-9C49-803AD784EABB}.Release|x86.ActiveCfg = Release|Win32
		{3165C785-426B-4E8A-9C49-803AD784EABB}.Release|x86.Build.0 = Release|Win32
	EndGlobalSection
	GlobalSection(SolutionProperties) = preSolution
		HideSolutionNode = FALSE
	EndGlobalSection
	GlobalSection(NestedProjects) = preSolution
		{330D3E17-A7D0-4549-AFB6-A16EE4970AE7} = {5CBD879F-0ADD-4775-AC0E-C80072380C17}
		{040009E5-C9F9-461D-ACB7-6B2FF7F6B15B} = {5CBD879F-0ADD-4775-AC0E-C80072380C17}
		{F9D48DD8-CCDB-425C-B818-EEB7E041C00E} = {5CBD879F-0ADD-4775-AC0E-C80072380C17}
		{53D83E75-1E6C-4CAA-88AF-CC836718CD1D} = {5CBD879F-0ADD-4775-AC0E-C80072380C17}
		{C31393C2-5627-48BA-9685-5D22106CD7F5} = {5CBD879F-0ADD-4775-AC0E-C80072380C17}
		{16A8D148-07E0-453E-914C-C78932C9F80B} = {5CBD879F-0ADD-4775-AC0E-C80072380C17}
		{95D36DE9-C7B1-4E7F-A67B-E0620CE0A997} = {5CBD879F-0ADD-4775-AC0E-C80072380C17}
		{44100C26-703B-42EC-A157-099149F1E55B} = {5CBD879F-0ADD-4775-AC0E-C80072380C17}
		{DEF7C10F-04C2-48EC-8380-9693C69A1245} = {5CBD879F-0ADD-4775-AC0E-C80072380C17}
		{E2DDC858-A8BF-49AB-94C8-4B33E2FE8BE8} = {201800A0-6378-47D3-AE39-DC6F6CBDE3C1}
		{EBAAD55E-FBAD-4799-A2A7-EA354F64E9AB} = {201800A0-6378-47D3-AE39-DC6F6CBDE3C1}
		{8C9821EA-5140-4DA9-A380-D3AC8122F875} = {5CBD879F-0ADD-4775-AC0E-C80072380C17}
		{6F503736-DEA6-4886-834B-2BD7BD88F1A6} = {5CBD879F-0ADD-4775-AC0E-C80072380C17}
		{9CE33E71-107A-4D01-8005-4052E0FEFFAA} = {6120684B-131D-4DF6-A287-FE6915648AA3}
		{414DA7D9-5658-4107-B37E-12489B9DCFE8} = {6120684B-131D-4DF6-A287-FE6915648AA3}
		{EB4B0227-683E-4069-8638-92A5B36081AA} = {6120684B-131D-4DF6-A287-FE6915648AA3}
		{6B420E2A-98D7-4923-81E4-5F6EC55130B5} = {6120684B-131D-4DF6-A287-FE6915648AA3}
		{921FB3E2-7F2A-460D-BBE8-D11FA751E486} = {6120684B-131D-4DF6-A287-FE6915648AA3}
		{5542F3DB-BBC0-4A5C-8A8E-97FE082C5D3B} = {6120684B-131D-4DF6-A287-FE6915648AA3}
		{3C82D3AA-BA9A-4B8F-B860-A408D4B46230} = {6120684B-131D-4DF6-A287-FE6915648AA3}
		{7D5922B7-6E9E-4E08-9CCC-490BDE926B95} = {6120684B-131D-4DF6-A287-FE6915648AA3}
		{084995BF-F581-4B9C-AC76-81729870ABC5} = {6120684B-131D-4DF6-A287-FE6915648AA3}
		{E7037677-4F0B-4352-BDB1-5578B1E10AE5} = {6120684B-131D-4DF6-A287-FE6915648AA3}
		{0DDBCF75-3D14-4FA5-B9F0-694C01F72C71} = {D33D8DF4-A587-4098-A6F7-FA66FEF77F62}
		{D67C7349-8082-4519-98E7-5F4A8D329D6F} = {D33D8DF4-A587-4098-A6F7-FA66FEF77F62}
		{27920B11-A1DC-4898-B273-EFE540385A4C} = {D33D8DF4-A587-4098-A6F7-FA66FEF77F62}
		{AD3B24AE-613E-4F41-92DA-0B4B2FAB9A42} = {D33D8DF4-A587-4098-A6F7-FA66FEF77F62}
		{1D4F29D1-4667-4FEC-9DA1-8CEC80DA3B1B} = {D33D8DF4-A587-4098-A6F7-FA66FEF77F62}
		{666E729C-E0CA-40B0-8F47-59FC1BF863B5} = {D33D8DF4-A587-4098-A6F7-FA66FEF77F62}
		{DE7B0AF3-3E19-481B-ACA9-51F5D0EAC4E2} = {D33D8DF4-A587-4098-A6F7-FA66FEF77F62}
		{65D5EC30-552E-4DB7-9FC4-632004ADD631} = {E8AD885F-B2AA-4F59-9435-4D77B2B7726E}
		{7CCE4EAB-0689-4269-9D55-07DDEF21D549} = {E8AD885F-B2AA-4F59-9435-4D77B2B7726E}
		{4181CDCE-A336-4B93-8A60-CF7372FB16FA} = {E8AD885F-B2AA-4F59-9435-4D77B2B7726E}
		{5104900F-3BD6-4CF6-BC93-C85F2D063639} = {E8AD885F-B2AA-4F59-9435-4D77B2B7726E}
		{36795988-A749-4AA9-9D2A-B0FF4888E29C} = {E8AD885F-B2AA-4F59-9435-4D77B2B7726E}
		{3165C785-426B-4E8A-9C49-803AD784EABB} = {E8AD885F-B2AA-4F59-9435-4D77B2B7726E}
	EndGlobalSection
	GlobalSection(ExtensibilityGlobals) = postSolution
		SolutionGuid = {4D05C1D2-D8CC-4DE4-9B21-9287A872F44F}
	EndGlobalSection
EndGlobal
